
Microsoft Visual Studio Solution File, Format Version 12.00
# Visual Studio Version 17
VisualStudioVersion = 17.1.32407.343
MinimumVisualStudioVersion = 10.0.40219.1
Project("{9A19103F-16F7-4668-BE54-9A1E7A4F7556}") = "OrderManager", "OrderManager\OrderManager.csproj", "{ED3F3AA4-B8B0-4A53-85E1-A974A727D529}"
EndProject
Project("{9A19103F-16F7-4668-BE54-9A1E7A4F7556}") = "WebApiTest", "WebApiTest\WebApiTest.csproj", "{2C75253B-5483-4C53-8CBF-F14D4143840A}"
EndProject
Global
	GlobalSection(SolutionConfigurationPlatforms) = preSolution
		Debug|Any CPU = Debug|Any CPU
		Release|Any CPU = Release|Any CPU
	EndGlobalSection
	GlobalSection(ProjectConfigurationPlatforms) = postSolution
		{ED3F3AA4-B8B0-4A53-85E1-A974A727D529}.Debug|Any CPU.ActiveCfg = Debug|Any CPU
		{ED3F3AA4-B8B0-4A53-85E1-A974A727D529}.Debug|Any CPU.Build.0 = Debug|Any CPU
		{ED3F3AA4-B8B0-4A53-85E1-A974A727D529}.Release|Any CPU.ActiveCfg = Release|Any CPU
		{ED3F3AA4-B8B0-4A53-85E1-A974A727D529}.Release|Any CPU.Build.0 = Release|Any CPU
		{2C75253B-5483-4C53-8CBF-F14D4143840A}.Debug|Any CPU.ActiveCfg = Debug|Any CPU
		{2C75253B-5483-4C53-8CBF-F14D4143840A}.Debug|Any CPU.Build.0 = Debug|Any CPU
		{2C75253B-5483-4C53-8CBF-F14D4143840A}.Release|Any CPU.ActiveCfg = Release|Any CPU
		{2C75253B-5483-4C53-8CBF-F14D4143840A}.Release|Any CPU.Build.0 = Release|Any CPU
	EndGlobalSection
	GlobalSection(SolutionProperties) = preSolution
		HideSolutionNode = FALSE
	EndGlobalSection
	GlobalSection(ExtensibilityGlobals) = postSolution
		SolutionGuid = {FFAF1DDA-E498-4522-A2EB-7867DD91F74B}
	EndGlobalSection
EndGlobal
